
Microsoft Visual Studio Solution File, Format Version 12.00
# Visual Studio Version 17
VisualStudioVersion = 17.11.35327.3
MinimumVisualStudioVersion = 10.0.40219.1
Project("{FAE04EC0-301F-11D3-BF4B-00C04F79EFBC}") = "NmeaBtTcpHost", "NmeaBtTcpHost\NmeaBtTcpHost.csproj", "{AD126A80-D4BD-4C1B-9D44-283C5E81BD2F}"
EndProject
Global
	GlobalSection(SolutionConfigurationPlatforms) = preSolution
		Debug|Any CPU = Debug|Any CPU
		Release|Any CPU = Release|Any CPU
	EndGlobalSection
	GlobalSection(ProjectConfigurationPlatforms) = postSolution
		{AD126A80-D4BD-4C1B-9D44-283C5E81BD2F}.Debug|Any CPU.ActiveCfg = Debug|Any CPU
		{AD126A80-D4BD-4C1B-9D44-283C5E81BD2F}.Debug|Any CPU.Build.0 = Debug|Any CPU
		{AD126A80-D4BD-4C1B-9D44-283C5E81BD2F}.Release|Any CPU.ActiveCfg = Release|Any CPU
		{AD126A80-D4BD-4C1B-9D44-283C5E81BD2F}.Release|Any CPU.Build.0 = Release|Any CPU
	EndGlobalSection
	GlobalSection(SolutionProperties) = preSolution
		HideSolutionNode = FALSE
	EndGlobalSection
	GlobalSection(ExtensibilityGlobals) = postSolution
		SolutionGuid = {6ACEFEFE-186B-4C52-A61E-EF81AB69E52A}
	EndGlobalSection
EndGlobal
